Microsoft Visual Studio Solution File, Format Version 11.00
# Visual Studio 2008

Project("{43AEF7B4-FABF-2833-FEF0-EA015A1650E4}") = "TDS_v0.01", "Assembly-CSharp.csproj", "{D97290A2-AA14-2996-8244-2FA5027C9E19}"
EndProject
Global
	GlobalSection(SolutionConfigurationPlatforms) = preSolution
		Debug|Any CPU = Debug|Any CPU
		Release|Any CPU = Release|Any CPU
	EndGlobalSection
	GlobalSection(ProjectConfigurationPlatforms) = postSolution
		{D97290A2-AA14-2996-8244-2FA5027C9E19}.Debug|Any CPU.ActiveCfg = Debug|Any CPU
		{D97290A2-AA14-2996-8244-2FA5027C9E19}.Debug|Any CPU.Build.0 = Debug|Any CPU
		{D97290A2-AA14-2996-8244-2FA5027C9E19}.Release|Any CPU.ActiveCfg = Release|Any CPU
		{D97290A2-AA14-2996-8244-2FA5027C9E19}.Release|Any CPU.Build.0 = Release|Any CPU
	EndGlobalSection
	GlobalSection(SolutionProperties) = preSolution
		HideSolutionNode = FALSE
	EndGlobalSection
	GlobalSection(MonoDevelopProperties) = preSolution
		StartupItem = Assembly-CSharp.csproj
	EndGlobalSection
EndGlobal
